{
  "name": "generator-key",
  "lockfileVersion": 2,
  "requires": true,
  "packages": {
    "": {
      "dependencies": {
        "fs": "^0.0.1-security",
        "keygenerator": "^1.0.4"
      }
    },
    "node_modules/fs": {
      "version": "0.0.1-security",
      "resolved": "https://registry.npmjs.org/fs/-/fs-0.0.1-security.tgz",
      "integrity": "sha512-3XY9e1pP0CVEUCdj5BmfIZxRBTSDycnbqhIOGec9QYtmVH2fbLpj86CFWkrNOkt/Fvty4KZG5lTglL9j/gJ87w=="
    },
    "node_modules/keygenerator": {
      "version": "1.0.4",
      "resolved": "https://registry.npmjs.org/keygenerator/-/keygenerator-1.0.4.tgz",
      "integrity": "sha512-TIiaKqI5BNF8fKxOmwfvhEXgC5w0Lyh8iuUfjlYEOAvCc1zpti4G40oYA6Lf5UlOJBHmIvZGFOSXn7dUutN62g==",
      "engines": {
        "node": "*"
      }
    }
  },
  "dependencies": {
    "fs": {
      "version": "0.0.1-security",
      "resolved": "https://registry.npmjs.org/fs/-/fs-0.0.1-security.tgz",
      "integrity": "sha512-3XY9e1pP0CVEUCdj5BmfIZxRBTSDycnbqhIOGec9QYtmVH2fbLpj86CFWkrNOkt/Fvty4KZG5lTglL9j/gJ87w=="
    },
    "keygenerator": {
      "version": "1.0.4",
      "resolved": "https://registry.npmjs.org/keygenerator/-/keygenerator-1.0.4.tgz",
      "integrity": "sha512-TIiaKqI5BNF8fKxOmwfvhEXgC5w0Lyh8iuUfjlYEOAvCc1zpti4G40oYA6Lf5UlOJBHmIvZGFOSXn7dUutN62g=="
    }
  }
}
